<?xml version="1.0" encoding="utf-8"?>
<Project ToolsVersion="4.0" xmlns="http://schemas.microsoft.com/developer/msbuild/2003">
  <ItemGroup>
    <ClCompile Include="OpenSource\World Editor - Portable.cpp" />
  </ItemGroup>
  <ItemGroup>
    <ClInclude Include="OpenSource\Memory.h" />
    <ClInclude Include="ThirdParty\rapidjson\include\rapidjson\error\en.h" />
    <ClInclude Include="ThirdParty\rapidjson\include\rapidjson\error\error.h" />
    <ClInclude Include="ThirdParty\rapidjson\include\rapidjson\internal\biginteger.h" />
    <ClInclude Include="ThirdParty\rapidjson\include\rapidjson\internal\clzll.h" />
    <ClInclude Include="ThirdParty\rapidjson\include\rapidjson\internal\diyfp.h" />
    <ClInclude Include="ThirdParty\rapidjson\include\rapidjson\internal\dtoa.h" />
    <ClInclude Include="ThirdParty\rapidjson\include\rapidjson\internal\ieee754.h" />
    <ClInclude Include="ThirdParty\rapidjson\include\rapidjson\internal\itoa.h" />
    <ClInclude Include="ThirdParty\rapidjson\include\rapidjson\internal\meta.h" />
    <ClInclude Include="ThirdParty\rapidjson\include\rapidjson\internal\pow10.h" />
    <ClInclude Include="ThirdParty\rapidjson\include\rapidjson\internal\regex.h" />
    <ClInclude Include="ThirdParty\rapidjson\include\rapidjson\internal\stack.h" />
    <ClInclude Include="ThirdParty\rapidjson\include\rapidjson\internal\strfunc.h" />
    <ClInclude Include="ThirdParty\rapidjson\include\rapidjson\internal\strtod.h" />
    <ClInclude Include="ThirdParty\rapidjson\include\rapidjson\internal\swap.h" />
    <ClInclude Include="ThirdParty\rapidjson\include\rapidjson\msinttypes\inttypes.h" />
    <ClInclude Include="ThirdParty\rapidjson\include\rapidjson\msinttypes\stdint.h" />
    <ClInclude Include="ThirdParty\rapidjson\include\rapidjson\allocators.h" />
    <ClInclude Include="ThirdParty\rapidjson\include\rapidjson\cursorstreamwrapper.h" />
    <ClInclude Include="ThirdParty\rapidjson\include\rapidjson\document.h" />
    <ClInclude Include="ThirdParty\rapidjson\include\rapidjson\encodedstream.h" />
    <ClInclude Include="ThirdParty\rapidjson\include\rapidjson\encodings.h" />
    <ClInclude Include="ThirdParty\rapidjson\include\rapidjson\filereadstream.h" />
    <ClInclude Include="ThirdParty\rapidjson\include\rapidjson\filewritestream.h" />
    <ClInclude Include="ThirdParty\rapidjson\include\rapidjson\fwd.h" />
    <ClInclude Include="ThirdParty\rapidjson\include\rapidjson\istreamwrapper.h" />
    <ClInclude Include="ThirdParty\rapidjson\include\rapidjson\memorybuffer.h" />
    <ClInclude Include="ThirdParty\rapidjson\include\rapidjson\memorystream.h" />
    <ClInclude Include="ThirdParty\rapidjson\include\rapidjson\ostreamwrapper.h" />
    <ClInclude Include="ThirdParty\rapidjson\include\rapidjson\pointer.h" />
    <ClInclude Include="ThirdParty\rapidjson\include\rapidjson\prettywriter.h" />
    <ClInclude Include="ThirdParty\rapidjson\include\rapidjson\rapidjson.h" />
    <ClInclude Include="ThirdParty\rapidjson\include\rapidjson\reader.h" />
    <ClInclude Include="ThirdParty\rapidjson\include\rapidjson\schema.h" />
    <ClInclude Include="ThirdParty\rapidjson\include\rapidjson\stream.h" />
    <ClInclude Include="ThirdParty\rapidjson\include\rapidjson\stringbuffer.h" />
    <ClInclude Include="ThirdParty\rapidjson\include\rapidjson\writer.h" />
  </ItemGroup>
</Project>